
Microsoft Visual Studio Solution File, Format Version 12.00
# Visual Studio Version 17
VisualStudioVersion = 17.6.33815.320
MinimumVisualStudioVersion = 10.0.40219.1
Project("{FAE04EC0-301F-11D3-BF4B-00C04F79EFBC}") = "CSEData.Worker", "CSEData.Worker\CSEData.Worker.csproj", "{580E266F-52FD-41CE-8BAE-B4F5746ACAC6}"
EndProject
Project("{FAE04EC0-301F-11D3-BF4B-00C04F79EFBC}") = "Persistent", "Persistent\Persistent.csproj", "{3D0A1EBB-96F8-4210-976A-F5C84F928E58}"
EndProject
Global
	GlobalSection(SolutionConfigurationPlatforms) = preSolution
		Debug|Any CPU = Debug|Any CPU
		Release|Any CPU = Release|Any CPU
	EndGlobalSection
	GlobalSection(ProjectConfigurationPlatforms) = postSolution
		{580E266F-52FD-41CE-8BAE-B4F5746ACAC6}.Debug|Any CPU.ActiveCfg = Debug|Any CPU
		{580E266F-52FD-41CE-8BAE-B4F5746ACAC6}.Debug|Any CPU.Build.0 = Debug|Any CPU
		{580E266F-52FD-41CE-8BAE-B4F5746ACAC6}.Release|Any CPU.ActiveCfg = Release|Any CPU
		{580E266F-52FD-41CE-8BAE-B4F5746ACAC6}.Release|Any CPU.Build.0 = Release|Any CPU
		{3D0A1EBB-96F8-4210-976A-F5C84F928E58}.Debug|Any CPU.ActiveCfg = Debug|Any CPU
		{3D0A1EBB-96F8-4210-976A-F5C84F928E58}.Debug|Any CPU.Build.0 = Debug|Any CPU
		{3D0A1EBB-96F8-4210-976A-F5C84F928E58}.Release|Any CPU.ActiveCfg = Release|Any CPU
		{3D0A1EBB-96F8-4210-976A-F5C84F928E58}.Release|Any CPU.Build.0 = Release|Any CPU
	EndGlobalSection
	GlobalSection(SolutionProperties) = preSolution
		HideSolutionNode = FALSE
	EndGlobalSection
	GlobalSection(ExtensibilityGlobals) = postSolution
		SolutionGuid = {58EDC00E-077B-4376-8453-AA85CF45B71E}
	EndGlobalSection
EndGlobal
